{
  "name": "spoof_sudo",
  "version": "1.0.0",
  "lockfileVersion": 1,
  "requires": true,
  "dependencies": {
    "sudo-prompt": {
      "version": "8.0.0",
      "resolved": "https://registry.npmjs.org/sudo-prompt/-/sudo-prompt-8.0.0.tgz",
      "integrity": "sha512-/GT0xH/265PMi6HlZ8ki/AhTKnHN4JBnr1ISELqT0BqzcBvqaXPVhG/yUx1nG+ICCE5CXtF+awBwVMCn72dR0A=="
    }
  }
}
